Microsoft Visual Studio Solution File, Format Version 12.00
# Visual Studio Version 17
VisualStudioVersion = 17.5.2.0
MinimumVisualStudioVersion = 10.0.40219.1
Project("{FAE04EC0-301F-11D3-BF4B-00C04F79EFBC}") = "CSharpServer", "CSharpServer.csproj", "{ACE6C1DA-5697-D6BA-C976-FD3C72A8AC05}"
EndProject
Global
	GlobalSection(SolutionConfigurationPlatforms) = preSolution
		Debug|Any CPU = Debug|Any CPU
		Release|Any CPU = Release|Any CPU
	EndGlobalSection
	GlobalSection(ProjectConfigurationPlatforms) = postSolution
		{ACE6C1DA-5697-D6BA-C976-FD3C72A8AC05}.Debug|Any CPU.ActiveCfg = Debug|Any CPU
		{ACE6C1DA-5697-D6BA-C976-FD3C72A8AC05}.Debug|Any CPU.Build.0 = Debug|Any CPU
		{ACE6C1DA-5697-D6BA-C976-FD3C72A8AC05}.Release|Any CPU.ActiveCfg = Release|Any CPU
		{ACE6C1DA-5697-D6BA-C976-FD3C72A8AC05}.Release|Any CPU.Build.0 = Release|Any CPU
	EndGlobalSection
	GlobalSection(SolutionProperties) = preSolution
		HideSolutionNode = FALSE
	EndGlobalSection
	GlobalSection(ExtensibilityGlobals) = postSolution
		SolutionGuid = {55B807CA-E0D7-4A25-A2C3-E1A447CFB423}
	EndGlobalSection
EndGlobal
